
Microsoft Visual Studio Solution File, Format Version 12.00
# Visual Studio Version 17
VisualStudioVersion = 17.6.33815.320
MinimumVisualStudioVersion = 10.0.40219.1
Project("{9A19103F-16F7-4668-BE54-9A1E7A4F7556}") = "TestAPI", "TestAPI\TestAPI.csproj", "{15F5A859-E71E-48F0-A576-A85C7FAAAE9E}"
EndProject
Project("{FAE04EC0-301F-11D3-BF4B-00C04F79EFBC}") = "TestAPIUnitTests", "ProjectUnitTest\TestAPIUnitTests.csproj", "{F35050DB-6E28-4B32-A75F-D54E5C20ED20}"
EndProject
Global
	GlobalSection(SolutionConfigurationPlatforms) = preSolution
		Debug|Any CPU = Debug|Any CPU
		Release|Any CPU = Release|Any CPU
	EndGlobalSection
	GlobalSection(ProjectConfigurationPlatforms) = postSolution
		{15F5A859-E71E-48F0-A576-A85C7FAAAE9E}.Debug|Any CPU.ActiveCfg = Debug|Any CPU
		{15F5A859-E71E-48F0-A576-A85C7FAAAE9E}.Debug|Any CPU.Build.0 = Debug|Any CPU
		{15F5A859-E71E-48F0-A576-A85C7FAAAE9E}.Release|Any CPU.ActiveCfg = Release|Any CPU
		{15F5A859-E71E-48F0-A576-A85C7FAAAE9E}.Release|Any CPU.Build.0 = Release|Any CPU
		{F35050DB-6E28-4B32-A75F-D54E5C20ED20}.Debug|Any CPU.ActiveCfg = Debug|Any CPU
		{F35050DB-6E28-4B32-A75F-D54E5C20ED20}.Debug|Any CPU.Build.0 = Debug|Any CPU
		{F35050DB-6E28-4B32-A75F-D54E5C20ED20}.Release|Any CPU.ActiveCfg = Release|Any CPU
		{F35050DB-6E28-4B32-A75F-D54E5C20ED20}.Release|Any CPU.Build.0 = Release|Any CPU
	EndGlobalSection
	GlobalSection(SolutionProperties) = preSolution
		HideSolutionNode = FALSE
	EndGlobalSection
	GlobalSection(ExtensibilityGlobals) = postSolution
		SolutionGuid = {D6747768-3857-4447-84CD-2C4E27098806}
	EndGlobalSection
EndGlobal
